// !$*UTF8*$!
{
	archiveVersion = 1;
	classes = {
	};
	objectVersion = 55;
	objects = {

/* Begin PBXBuildFile section */
		A1712D94286D3D38003684CD /* main.c in Sources */ = {isa = PBXBuildFile; fileRef = A1712D93286D3D38003684CD /* main.c */; };
		A1712D96286D3D9B003684CD /* msputils.m in Sources */ = {isa = PBXBuildFile; fileRef = A1712D95286D3D9B003684CD /* msputils.m */; };
		A1DAACDA286FAFB600306B85 /* AppDelegate.m in Sources */ = {isa = PBXBuildFile; fileRef = A1DAACD9286FAFB600306B85 /* AppDelegate.m */; };
		A1DAACDD286FAFB600306B85 /* ViewController.m in Sources */ = {isa = PBXBuildFile; fileRef = A1DAACDC286FAFB600306B85 /* ViewController.m */; };
		A1DAACDF286FAFBB00306B85 /* Assets.xcassets in Resources */ = {isa = PBXBuildFile; fileRef = A1DAACDE286FAFBB00306B85 /* Assets.xcassets */; };
		A1DAACE2286FAFBB00306B85 /* Main.storyboard in Resources */ = {isa = PBXBuildFile; fileRef = A1DAACE0286FAFBB00306B85 /* Main.storyboard */; };
		A1DAACE9286FAFD200306B85 /* msputils.m in Sources */ = {isa = PBXBuildFile; fileRef = A1712D95286D3D9B003684CD /* msputils.m */; };
		A1DAACEB286FB02A00306B85 /* main.m in Sources */ = {isa = PBXBuildFile; fileRef = A1DAACE3286FAFBB00306B85 /* main.m */; };
/* End PBXBuildFile section */

/* Begin PBXCopyFilesBuildPhase section */
		A13D49DC286D3CCF00EBDB79 /* CopyFiles */ = {
			isa = PBXCopyFilesBuildPhase;
			buildActionMask = 2147483647;
			dstPath = /usr/share/man/man1/;
			dstSubfolderSpec = 0;
			files = (
			);
			runOnlyForDeploymentPostprocessing = 1;
		};
/* End PBXCopyFilesBuildPhase section */

/* Begin PBXFileReference section */
		A13D49DE286D3CCF00EBDB79 /* MSPUtilsTestCL */ = {isa = PBXFileReference; explicitFileType = "compiled.mach-o.executable"; includeInIndex = 0; path = MSPUtilsTestCL; sourceTree = BUILT_PRODUCTS_DIR; };
		A1712D93286D3D38003684CD /* main.c */ = {isa = PBXFileReference; lastKnownFileType = sourcecode.c.c; path = main.c; sourceTree = "<group>"; };
		A1712D95286D3D9B003684CD /* msputils.m */ = {isa = PBXFileReference; lastKnownFileType = sourcecode.c.objc; path = msputils.m; sourceTree = "<group>"; };
		A1712D97286D3DAD003684CD /* msputils.h */ = {isa = PBXFileReference; lastKnownFileType = sourcecode.c.h; path = msputils.h; sourceTree = "<group>"; };
		A1DAACD6286FAFB600306B85 /* MSPUtilsTestApp.app */ = {isa = PBXFileReference; explicitFileType = wrapper.application; includeInIndex = 0; path = MSPUtilsTestApp.app; sourceTree = BUILT_PRODUCTS_DIR; };
		A1DAACD8286FAFB600306B85 /* AppDelegate.h */ = {isa = PBXFileReference; lastKnownFileType = sourcecode.c.h; path = AppDelegate.h; sourceTree = "<group>"; };
		A1DAACD9286FAFB600306B85 /* AppDelegate.m */ = {isa = PBXFileReference; lastKnownFileType = sourcecode.c.objc; path = AppDelegate.m; sourceTree = "<group>"; };
		A1DAACDB286FAFB600306B85 /* ViewController.h */ = {isa = PBXFileReference; lastKnownFileType = sourcecode.c.h; path = ViewController.h; sourceTree = "<group>"; };
		A1DAACDC286FAFB600306B85 /* ViewController.m */ = {isa = PBXFileReference; lastKnownFileType = sourcecode.c.objc; path = ViewController.m; sourceTree = "<group>"; };
		A1DAACDE286FAFBB00306B85 /* Assets.xcassets */ = {isa = PBXFileReference; lastKnownFileType = folder.assetcatalog; path = Assets.xcassets; sourceTree = "<group>"; };
		A1DAACE1286FAFBB00306B85 /* Base */ = {isa = PBXFileReference; lastKnownFileType = file.storyboard; name = Base; path = Base.lproj/Main.storyboard; sourceTree = "<group>"; };
		A1DAACE3286FAFBB00306B85 /* main.m */ = {isa = PBXFileReference; lastKnownFileType = sourcecode.c.objc; path = main.m; sourceTree = "<group>"; };
		A1DAACE5286FAFBB00306B85 /* MSPUtilsTestApp.entitlements */ = {isa = PBXFileReference; lastKnownFileType = text.plist.entitlements; path = MSPUtilsTestApp.entitlements; sourceTree = "<group>"; };
/* End PBXFileReference section */

/* Begin PBXFrameworksBuildPhase section */
		A13D49DB286D3CCF00EBDB79 /* Frameworks */ = {
			isa = PBXFrameworksBuildPhase;
			buildActionMask = 2147483647;
			files = (
			);
			runOnlyForDeploymentPostprocessing = 0;
		};
		A1DAACD3286FAFB600306B85 /* Frameworks */ = {
			isa = PBXFrameworksBuildPhase;
			buildActionMask = 2147483647;
			files = (
			);
			runOnlyForDeploymentPostprocessing = 0;
		};
/* End PBXFrameworksBuildPhase section */

/* Begin PBXGroup section */
		A13D49D5286D3CCE00EBDB79 = {
			isa = PBXGroup;
			children = (
				A1DAACD1286FAEE800306B85 /* MSPUtilsTestCL */,
				A13D49E0286D3CCF00EBDB79 /* MSPUtils */,
				A1DAACD7286FAFB600306B85 /* MSPUtilsTestApp */,
				A13D49DF286D3CCF00EBDB79 /* Products */,
			);
			sourceTree = "<group>";
		};
		A13D49DF286D3CCF00EBDB79 /* Products */ = {
			isa = PBXGroup;
			children = (
				A13D49DE286D3CCF00EBDB79 /* MSPUtilsTestCL */,
				A1DAACD6286FAFB600306B85 /* MSPUtilsTestApp.app */,
			);
			name = Products;
			sourceTree = "<group>";
		};
		A13D49E0286D3CCF00EBDB79 /* MSPUtils */ = {
			isa = PBXGroup;
			children = (
				A1712D95286D3D9B003684CD /* msputils.m */,
				A1712D97286D3DAD003684CD /* msputils.h */,
			);
			path = MSPUtils;
			sourceTree = "<group>";
		};
		A1DAACD1286FAEE800306B85 /* MSPUtilsTestCL */ = {
			isa = PBXGroup;
			children = (
				A1712D93286D3D38003684CD /* main.c */,
			);
			path = MSPUtilsTestCL;
			sourceTree = "<group>";
		};
		A1DAACD7286FAFB600306B85 /* MSPUtilsTestApp */ = {
			isa = PBXGroup;
			children = (
				A1DAACD8286FAFB600306B85 /* AppDelegate.h */,
				A1DAACD9286FAFB600306B85 /* AppDelegate.m */,
				A1DAACDB286FAFB600306B85 /* ViewController.h */,
				A1DAACDC286FAFB600306B85 /* ViewController.m */,
				A1DAACDE286FAFBB00306B85 /* Assets.xcassets */,
				A1DAACE0286FAFBB00306B85 /* Main.storyboard */,
				A1DAACE3286FAFBB00306B85 /* main.m */,
				A1DAACE5286FAFBB00306B85 /* MSPUtilsTestApp.entitlements */,
			);
			path = MSPUtilsTestApp;
			sourceTree = "<group>";
		};
/* End PBXGroup section */

/* Begin PBXNativeTarget section */
		A13D49DD286D3CCF00EBDB79 /* MSPUtilsTestCL */ = {
			isa = PBXNativeTarget;
			buildConfigurationList = A13D49E5286D3CCF00EBDB79 /* Build configuration list for PBXNativeTarget "MSPUtilsTestCL" */;
			buildPhases = (
				A13D49DA286D3CCF00EBDB79 /* Sources */,
				A13D49DB286D3CCF00EBDB79 /* Frameworks */,
				A13D49DC286D3CCF00EBDB79 /* CopyFiles */,
			);
			buildRules = (
			);
			dependencies = (
			);
			name = MSPUtilsTestCL;
			productName = MSPUtils;
			productReference = A13D49DE286D3CCF00EBDB79 /* MSPUtilsTestCL */;
			productType = "com.apple.product-type.tool";
		};
		A1DAACD5286FAFB600306B85 /* MSPUtilsTestApp */ = {
			isa = PBXNativeTarget;
			buildConfigurationList = A1DAACE6286FAFBB00306B85 /* Build configuration list for PBXNativeTarget "MSPUtilsTestApp" */;
			buildPhases = (
				A1DAACD2286FAFB600306B85 /* Sources */,
				A1DAACD3286FAFB600306B85 /* Frameworks */,
				A1DAACD4286FAFB600306B85 /* Resources */,
			);
			buildRules = (
			);
			dependencies = (
			);
			name = MSPUtilsTestApp;
			productName = MSPUtilsTestApp;
			productReference = A1DAACD6286FAFB600306B85 /* MSPUtilsTestApp.app */;
			productType = "com.apple.product-type.application";
		};
/* End PBXNativeTarget section */

/* Begin PBXProject section */
		A13D49D6286D3CCE00EBDB79 /* Project object */ = {
			isa = PBXProject;
			attributes = {
				BuildIndependentTargetsInParallel = 1;
				LastUpgradeCheck = 1340;
				TargetAttributes = {
					A13D49DD286D3CCF00EBDB79 = {
						CreatedOnToolsVersion = 13.4;
					};
					A1DAACD5286FAFB600306B85 = {
						CreatedOnToolsVersion = 13.4;
					};
				};
			};
			buildConfigurationList = A13D49D9286D3CCE00EBDB79 /* Build configuration list for PBXProject "MSPUtils" */;
			compatibilityVersion = "Xcode 13.0";
			developmentRegion = en;
			hasScannedForEncodings = 0;
			knownRegions = (
				en,
				Base,
			);
			mainGroup = A13D49D5286D3CCE00EBDB79;
			productRefGroup = A13D49DF286D3CCF00EBDB79 /* Products */;
			projectDirPath = "";
			projectRoot = "";
			targets = (
				A13D49DD286D3CCF00EBDB79 /* MSPUtilsTestCL */,
				A1DAACD5286FAFB600306B85 /* MSPUtilsTestApp */,
			);
		};
/* End PBXProject section */

/* Begin PBXResourcesBuildPhase section */
		A1DAACD4286FAFB600306B85 /* Resources */ = {
			isa = PBXResourcesBuildPhase;
			buildActionMask = 2147483647;
			files = (
				A1DAACDF286FAFBB00306B85 /* Assets.xcassets in Resources */,
				A1DAACE2286FAFBB00306B85 /* Main.storyboard in Resources */,
			);
			runOnlyForDeploymentPostprocessing = 0;
		};
/* End PBXResourcesBuildPhase section */

/* Begin PBXSourcesBuildPhase section */
		A13D49DA286D3CCF00EBDB79 /* Sources */ = {
			isa = PBXSourcesBuildPhase;
			buildActionMask = 2147483647;
			files = (
				A1712D96286D3D9B003684CD /* msputils.m in Sources */,
				A1712D94286D3D38003684CD /* main.c in Sources */,
			);
			runOnlyForDeploymentPostprocessing = 0;
		};
		A1DAACD2286FAFB600306B85 /* Sources */ = {
			isa = PBXSourcesBuildPhase;
			buildActionMask = 2147483647;
			files = (
				A1DAACDD286FAFB600306B85 /* ViewController.m in Sources */,
				A1DAACE9286FAFD200306B85 /* msputils.m in Sources */,
				A1DAACEB286FB02A00306B85 /* main.m in Sources */,
				A1DAACDA286FAFB600306B85 /* AppDelegate.m in Sources */,
			);
			runOnlyForDeploymentPostprocessing = 0;
		};
/* End PBXSourcesBuildPhase section */

/* Begin PBXVariantGroup section */
		A1DAACE0286FAFBB00306B85 /* Main.storyboard */ = {
			isa = PBXVariantGroup;
			children = (
				A1DAACE1286FAFBB00306B85 /* Base */,
			);
			name = Main.storyboard;
			sourceTree = "<group>";
		};
/* End PBXVariantGroup section */

/* Begin XCBuildConfiguration section */
		A13D49E3286D3CCF00EBDB79 /* Debug */ = {
			isa = XCBuildConfiguration;
			buildSettings = {
				ALWAYS_SEARCH_USER_PATHS = NO;
				CLANG_ANALYZER_NONNULL = YES;
				CLANG_ANALYZER_NUMBER_OBJECT_CONVERSION = YES_AGGRESSIVE;
				CLANG_CXX_LANGUAGE_STANDARD = "gnu++17";
				CLANG_ENABLE_MODULES = YES;
				CLANG_ENABLE_OBJC_ARC = NO;
				CLANG_ENABLE_OBJC_WEAK = YES;
				CLANG_WARN_BLOCK_CAPTURE_AUTORELEASING = YES;
				CLANG_WARN_BOOL_CONVERSION = YES;
				CLANG_WARN_COMMA = YES;
				CLANG_WARN_CONSTANT_CONVERSION = YES;
				CLANG_WARN_DEPRECATED_OBJC_IMPLEMENTATIONS = YES;
				CLANG_WARN_DIRECT_OBJC_ISA_USAGE = YES_ERROR;
				CLANG_WARN_DOCUMENTATION_COMMENTS = YES;
				CLANG_WARN_EMPTY_BODY = YES;
				CLANG_WARN_ENUM_CONVERSION = YES;
				CLANG_WARN_INFINITE_RECURSION = YES;
				CLANG_WARN_INT_CONVERSION = YES;
				CLANG_WARN_NON_LITERAL_NULL_CONVERSION = YES;
				CLANG_WARN_OBJC_IMPLICIT_RETAIN_SELF = YES;
				CLANG_WARN_OBJC_LITERAL_CONVERSION = YES;
				CLANG_WARN_OBJC_ROOT_CLASS = YES_ERROR;
				CLANG_WARN_QUOTED_INCLUDE_IN_FRAMEWORK_HEADER = YES;
				CLANG_WARN_RANGE_LOOP_ANALYSIS = YES;
				CLANG_WARN_STRICT_PROTOTYPES = YES;
				CLANG_WARN_SUSPICIOUS_MOVE = YES;
				CLANG_WARN_UNGUARDED_AVAILABILITY = YES_AGGRESSIVE;
				CLANG_WARN_UNREACHABLE_CODE = YES;
				CLANG_WARN__DUPLICATE_METHOD_MATCH = YES;
				COPY_PHASE_STRIP = NO;
				DEBUG_INFORMATION_FORMAT = dwarf;
				ENABLE_STRICT_OBJC_MSGSEND = YES;
				ENABLE_TESTABILITY = YES;
				GCC_C_LANGUAGE_STANDARD = gnu11;
				GCC_DYNAMIC_NO_PIC = NO;
				GCC_NO_COMMON_BLOCKS = YES;
				GCC_OPTIMIZATION_LEVEL = 0;
				GCC_PREPROCESSOR_DEFINITIONS = (
					"DEBUG=1",
					"$(inherited)",
				);
				GCC_WARN_64_TO_32_BIT_CONVERSION = YES;
				GCC_WARN_ABOUT_RETURN_TYPE = YES_ERROR;
				GCC_WARN_UNDECLARED_SELECTOR = YES;
				GCC_WARN_UNINITIALIZED_AUTOS = YES_AGGRESSIVE;
				GCC_WARN_UNUSED_FUNCTION = YES;
				GCC_WARN_UNUSED_VARIABLE = YES;
				MACOSX_DEPLOYMENT_TARGET = 12.3;
				MTL_ENABLE_DEBUG_INFO = INCLUDE_SOURCE;
				MTL_FAST_MATH = YES;
				ONLY_ACTIVE_ARCH = YES;
				SDKROOT = macosx;
			};
			name = Debug;
		};
		A13D49E4286D3CCF00EBDB79 /* Release */ = {
			isa = XCBuildConfiguration;
			buildSettings = {
				ALWAYS_SEARCH_USER_PATHS = NO;
				CLANG_ANALYZER_NONNULL = YES;
				CLANG_ANALYZER_NUMBER_OBJECT_CONVERSION = YES_AGGRESSIVE;
				CLANG_CXX_LANGUAGE_STANDARD = "gnu++17";
				CLANG_ENABLE_MODULES = YES;
				CLANG_ENABLE_OBJC_ARC = NO;
				CLANG_ENABLE_OBJC_WEAK = YES;
				CLANG_WARN_BLOCK_CAPTURE_AUTORELEASING = YES;
				CLANG_WARN_BOOL_CONVERSION = YES;
				CLANG_WARN_COMMA = YES;
				CLANG_WARN_CONSTANT_CONVERSION = YES;
				CLANG_WARN_DEPRECATED_OBJC_IMPLEMENTATIONS = YES;
				CLANG_WARN_DIRECT_OBJC_ISA_USAGE = YES_ERROR;
				CLANG_WARN_DOCUMENTATION_COMMENTS = YES;
				CLANG_WARN_EMPTY_BODY = YES;
				CLANG_WARN_ENUM_CONVERSION = YES;
				CLANG_WARN_INFINITE_RECURSION = YES;
				CLANG_WARN_INT_CONVERSION = YES;
				CLANG_WARN_NON_LITERAL_NULL_CONVERSION = YES;
				CLANG_WARN_OBJC_IMPLICIT_RETAIN_SELF = YES;
				CLANG_WARN_OBJC_LITERAL_CONVERSION = YES;
				CLANG_WARN_OBJC_ROOT_CLASS = YES_ERROR;
				CLANG_WARN_QUOTED_INCLUDE_IN_FRAMEWORK_HEADER = YES;
				CLANG_WARN_RANGE_LOOP_ANALYSIS = YES;
				CLANG_WARN_STRICT_PROTOTYPES = YES;
				CLANG_WARN_SUSPICIOUS_MOVE = YES;
				CLANG_WARN_UNGUARDED_AVAILABILITY = YES_AGGRESSIVE;
				CLANG_WARN_UNREACHABLE_CODE = YES;
				CLANG_WARN__DUPLICATE_METHOD_MATCH = YES;
				COPY_PHASE_STRIP = NO;
				DEBUG_INFORMATION_FORMAT = "dwarf-with-dsym";
				ENABLE_NS_ASSERTIONS = NO;
				ENABLE_STRICT_OBJC_MSGSEND = YES;
				GCC_C_LANGUAGE_STANDARD = gnu11;
				GCC_NO_COMMON_BLOCKS = YES;
				GCC_WARN_64_TO_32_BIT_CONVERSION = YES;
				GCC_WARN_ABOUT_RETURN_TYPE = YES_ERROR;
				GCC_WARN_UNDECLARED_SELECTOR = YES;
				GCC_WARN_UNINITIALIZED_AUTOS = YES_AGGRESSIVE;
				GCC_WARN_UNUSED_FUNCTION = YES;
				GCC_WARN_UNUSED_VARIABLE = YES;
				MACOSX_DEPLOYMENT_TARGET = 12.3;
				MTL_ENABLE_DEBUG_INFO = NO;
				MTL_FAST_MATH = YES;
				SDKROOT = macosx;
			};
			name = Release;
		};
		A13D49E6286D3CCF00EBDB79 /* Debug */ = {
			isa = XCBuildConfiguration;
			buildSettings = {
				CODE_SIGN_STYLE = Automatic;
				PRODUCT_NAME = "$(TARGET_NAME)";
			};
			name = Debug;
		};
		A13D49E7286D3CCF00EBDB79 /* Release */ = {
			isa = XCBuildConfiguration;
			buildSettings = {
				CODE_SIGN_STYLE = Automatic;
				PRODUCT_NAME = "$(TARGET_NAME)";
			};
			name = Release;
		};
		A1DAACE7286FAFBB00306B85 /* Debug */ = {
			isa = XCBuildConfiguration;
			buildSettings = {
				ASSETCATALOG_COMPILER_APPICON_NAME = AppIcon;
				ASSETCATALOG_COMPILER_GLOBAL_ACCENT_COLOR_NAME = AccentColor;
				CLANG_ENABLE_OBJC_ARC = NO;
				CODE_SIGN_ENTITLEMENTS = MSPUtilsTestApp/MSPUtilsTestApp.entitlements;
				CODE_SIGN_STYLE = Automatic;
				COMBINE_HIDPI_IMAGES = YES;
				CURRENT_PROJECT_VERSION = 1;
				DEVELOPMENT_TEAM = 9UY8SFDNQ8;
				ENABLE_HARDENED_RUNTIME = YES;
				GENERATE_INFOPLIST_FILE = YES;
				INFOPLIST_KEY_NSHumanReadableCopyright = "";
				INFOPLIST_KEY_NSMainStoryboardFile = Main;
				INFOPLIST_KEY_NSPrincipalClass = NSApplication;
				LD_RUNPATH_SEARCH_PATHS = (
					"$(inherited)",
					"@executable_path/../Frameworks",
				);
				MARKETING_VERSION = 1.0;
				PRODUCT_BUNDLE_IDENTIFIER = com.macsourceports.MSPUtilsTestApp;
				PRODUCT_NAME = "$(TARGET_NAME)";
				SWIFT_EMIT_LOC_STRINGS = YES;
			};
			name = Debug;
		};
		A1DAACE8286FAFBB00306B85 /* Release */ = {
			isa = XCBuildConfiguration;
			buildSettings = {
				ASSETCATALOG_COMPILER_APPICON_NAME = AppIcon;
				ASSETCATALOG_COMPILER_GLOBAL_ACCENT_COLOR_NAME = AccentColor;
				CLANG_ENABLE_OBJC_ARC = NO;
				CODE_SIGN_ENTITLEMENTS = MSPUtilsTestApp/MSPUtilsTestApp.entitlements;
				CODE_SIGN_STYLE = Automatic;
				COMBINE_HIDPI_IMAGES = YES;
				CURRENT_PROJECT_VERSION = 1;
				DEVELOPMENT_TEAM = 9UY8SFDNQ8;
				ENABLE_HARDENED_RUNTIME = YES;
				GENERATE_INFOPLIST_FILE = YES;
				INFOPLIST_KEY_NSHumanReadableCopyright = "";
				INFOPLIST_KEY_NSMainStoryboardFile = Main;
				INFOPLIST_KEY_NSPrincipalClass = NSApplication;
				LD_RUNPATH_SEARCH_PATHS = (
					"$(inherited)",
					"@executable_path/../Frameworks",
				);
				MARKETING_VERSION = 1.0;
				PRODUCT_BUNDLE_IDENTIFIER = com.macsourceports.MSPUtilsTestApp;
				PRODUCT_NAME = "$(TARGET_NAME)";
				SWIFT_EMIT_LOC_STRINGS = YES;
			};
			name = Release;
		};
/* End XCBuildConfiguration section */

/* Begin XCConfigurationList section */
		A13D49D9286D3CCE00EBDB79 /* Build configuration list for PBXProject "MSPUtils" */ = {
			isa = XCConfigurationList;
			buildConfigurations = (
				A13D49E3286D3CCF00EBDB79 /* Debug */,
				A13D49E4286D3CCF00EBDB79 /* Release */,
			);
			defaultConfigurationIsVisible = 0;
			defaultConfigurationName = Release;
		};
		A13D49E5286D3CCF00EBDB79 /* Build configuration list for PBXNativeTarget "MSPUtilsTestCL" */ = {
			isa = XCConfigurationList;
			buildConfigurations = (
				A13D49E6286D3CCF00EBDB79 /* Debug */,
				A13D49E7286D3CCF00EBDB79 /* Release */,
			);
			defaultConfigurationIsVisible = 0;
			defaultConfigurationName = Release;
		};
		A1DAACE6286FAFBB00306B85 /* Build configuration list for PBXNativeTarget "MSPUtilsTestApp" */ = {
			isa = XCConfigurationList;
			buildConfigurations = (
				A1DAACE7286FAFBB00306B85 /* Debug */,
				A1DAACE8286FAFBB00306B85 /* Release */,
			);
			defaultConfigurationIsVisible = 0;
			defaultConfigurationName = Release;
		};
/* End XCConfigurationList section */
	};
	rootObject = A13D49D6286D3CCE00EBDB79 /* Project object */;
}
